
Microsoft Visual Studio Solution File, Format Version 12.00
# Visual Studio Version 16
VisualStudioVersion = 16.0.29424.173
MinimumVisualStudioVersion = 10.0.40219.1
Project("{FAE04EC0-301F-11D3-BF4B-00C04F79EFBC}") = "CMSNetCore", "CMSNetCore\CMSNetCore.csproj", "{E9F9DD12-C6D8-4D0A-936D-27308C21420E}"
EndProject
Global
	GlobalSection(SolutionConfigurationPlatforms) = preSolution
		Debug|Any CPU = Debug|Any CPU
		Release|Any CPU = Release|Any CPU
	EndGlobalSection
	GlobalSection(ProjectConfigurationPlatforms) = postSolution
		{E9F9DD12-C6D8-4D0A-936D-27308C21420E}.Debug|Any CPU.ActiveCfg = Debug|Any CPU
		{E9F9DD12-C6D8-4D0A-936D-27308C21420E}.Debug|Any CPU.Build.0 = Debug|Any CPU
		{E9F9DD12-C6D8-4D0A-936D-27308C21420E}.Release|Any CPU.ActiveCfg = Release|Any CPU
		{E9F9DD12-C6D8-4D0A-936D-27308C21420E}.Release|Any CPU.Build.0 = Release|Any CPU
	EndGlobalSection
	GlobalSection(SolutionProperties) = preSolution
		HideSolutionNode = FALSE
	EndGlobalSection
	GlobalSection(ExtensibilityGlobals) = postSolution
		SolutionGuid = {0BEBFD30-C18F-44FD-9653-83CFDBD56D84}
	EndGlobalSection
EndGlobal
